
Microsoft Visual Studio Solution File, Format Version 12.00
# Visual Studio Version 17
VisualStudioVersion = 17.7.34031.279
MinimumVisualStudioVersion = 10.0.40219.1
Project("{FAE04EC0-301F-11D3-BF4B-00C04F79EFBC}") = "lb6", "lb6.csproj", "{9681BD07-8047-4D39-8025-B57F989CD86B}"
EndProject
Global
	GlobalSection(SolutionConfigurationPlatforms) = preSolution
		Debug|Any CPU = Debug|Any CPU
		Release|Any CPU = Release|Any CPU
	EndGlobalSection
	GlobalSection(ProjectConfigurationPlatforms) = postSolution
		{9681BD07-8047-4D39-8025-B57F989CD86B}.Debug|Any CPU.ActiveCfg = Debug|Any CPU
		{9681BD07-8047-4D39-8025-B57F989CD86B}.Debug|Any CPU.Build.0 = Debug|Any CPU
		{9681BD07-8047-4D39-8025-B57F989CD86B}.Release|Any CPU.ActiveCfg = Release|Any CPU
		{9681BD07-8047-4D39-8025-B57F989CD86B}.Release|Any CPU.Build.0 = Release|Any CPU
	EndGlobalSection
	GlobalSection(SolutionProperties) = preSolution
		HideSolutionNode = FALSE
	EndGlobalSection
	GlobalSection(ExtensibilityGlobals) = postSolution
		SolutionGuid = {E4DA86C3-5FBD-4E53-BA21-3FF4D4C72D71}
	EndGlobalSection
EndGlobal
